// !$*UTF8*$!
{
	archiveVersion = 1;
	classes = {
	};
	objectVersion = 46;
	objects = {

/* Begin PBXBuildFile section */
		BFC198AA193C5ECC00A9B736 /* Foundation.framework in Frameworks */ = {isa = PBXBuildFile; fileRef = BFC198A9193C5ECC00A9B736 /* Foundation.framework */; };
		BFC198AF193C5ECC00A9B736 /* PersistenceLayer.h in CopyFiles */ = {isa = PBXBuildFile; fileRef = BFC198AE193C5ECC00A9B736 /* PersistenceLayer.h */; };
		BFC198B1193C5ECC00A9B736 /* PersistenceLayer.m in Sources */ = {isa = PBXBuildFile; fileRef = BFC198B0193C5ECC00A9B736 /* PersistenceLayer.m */; };
		BFC198B8193C5ECC00A9B736 /* XCTest.framework in Frameworks */ = {isa = PBXBuildFile; fileRef = BFC198B7193C5ECC00A9B736 /* XCTest.framework */; };
		BFC198B9193C5ECC00A9B736 /* Foundation.framework in Frameworks */ = {isa = PBXBuildFile; fileRef = BFC198A9193C5ECC00A9B736 /* Foundation.framework */; };
		BFC198BB193C5ECC00A9B736 /* UIKit.framework in Frameworks */ = {isa = PBXBuildFile; fileRef = BFC198BA193C5ECC00A9B736 /* UIKit.framework */; };
		BFC198BE193C5ECC00A9B736 /* libPersistenceLayer.a in Frameworks */ = {isa = PBXBuildFile; fileRef = BFC198A6193C5ECC00A9B736 /* libPersistenceLayer.a */; };
		BFC198C4193C5ECC00A9B736 /* InfoPlist.strings in Resources */ = {isa = PBXBuildFile; fileRef = BFC198C2193C5ECC00A9B736 /* InfoPlist.strings */; };
		BFC198C6193C5ECC00A9B736 /* PersistenceLayerTests.m in Sources */ = {isa = PBXBuildFile; fileRef = BFC198C5193C5ECC00A9B736 /* PersistenceLayerTests.m */; };
/* End PBXBuildFile section */

/* Begin PBXContainerItemProxy section */
		BFC198BC193C5ECC00A9B736 /* PBXContainerItemProxy */ = {
			isa = PBXContainerItemProxy;
			containerPortal = BFC1989E193C5ECC00A9B736 /* Project object */;
			proxyType = 1;
			remoteGlobalIDString = BFC198A5193C5ECC00A9B736;
			remoteInfo = PersistenceLayer;
		};
/* End PBXContainerItemProxy section */

/* Begin PBXCopyFilesBuildPhase section */
		BFC198A4193C5ECC00A9B736 /* CopyFiles */ = {
			isa = PBXCopyFilesBuildPhase;
			buildActionMask = 2147483647;
			dstPath = "include/$(PRODUCT_NAME)";
			dstSubfolderSpec = 16;
			files = (
				BFC198AF193C5ECC00A9B736 /* PersistenceLayer.h in CopyFiles */,
			);
			runOnlyForDeploymentPostprocessing = 0;
		};
/* End PBXCopyFilesBuildPhase section */

/* Begin PBXFileReference section */
		BFC198A6193C5ECC00A9B736 /* libPersistenceLayer.a */ = {isa = PBXFileReference; explicitFileType = archive.ar; includeInIndex = 0; path = libPersistenceLayer.a; sourceTree = BUILT_PRODUCTS_DIR; };
		BFC198A9193C5ECC00A9B736 /* Foundation.framework */ = {isa = PBXFileReference; lastKnownFileType = wrapper.framework; name = Foundation.framework; path = System/Library/Frameworks/Foundation.framework; sourceTree = SDKROOT; };
		BFC198AD193C5ECC00A9B736 /* PersistenceLayer-Prefix.pch */ = {isa = PBXFileReference; lastKnownFileType = sourcecode.c.h; path = "PersistenceLayer-Prefix.pch"; sourceTree = "<group>"; };
		BFC198AE193C5ECC00A9B736 /* PersistenceLayer.h */ = {isa = PBXFileReference; lastKnownFileType = sourcecode.c.h; path = PersistenceLayer.h; sourceTree = "<group>"; };
		BFC198B0193C5ECC00A9B736 /* PersistenceLayer.m */ = {isa = PBXFileReference; lastKnownFileType = sourcecode.c.objc; path = PersistenceLayer.m; sourceTree = "<group>"; };
		BFC198B6193C5ECC00A9B736 /* PersistenceLayerTests.xctest */ = {isa = PBXFileReference; explicitFileType = wrapper.cfbundle; includeInIndex = 0; path = PersistenceLayerTests.xctest; sourceTree = BUILT_PRODUCTS_DIR; };
		BFC198B7193C5ECC00A9B736 /* XCTest.framework */ = {isa = PBXFileReference; lastKnownFileType = wrapper.framework; name = XCTest.framework; path = Library/Frameworks/XCTest.framework; sourceTree = DEVELOPER_DIR; };
		BFC198BA193C5ECC00A9B736 /* UIKit.framework */ = {isa = PBXFileReference; lastKnownFileType = wrapper.framework; name = UIKit.framework; path = Library/Frameworks/UIKit.framework; sourceTree = DEVELOPER_DIR; };
		BFC198C1193C5ECC00A9B736 /* PersistenceLayerTests-Info.plist */ = {isa = PBXFileReference; lastKnownFileType = text.plist.xml; path = "PersistenceLayerTests-Info.plist"; sourceTree = "<group>"; };
		BFC198C3193C5ECC00A9B736 /* en */ = {isa = PBXFileReference; lastKnownFileType = text.plist.strings; name = en; path = en.lproj/InfoPlist.strings; sourceTree = "<group>"; };
		BFC198C5193C5ECC00A9B736 /* PersistenceLayerTests.m */ = {isa = PBXFileReference; lastKnownFileType = sourcecode.c.objc; path = PersistenceLayerTests.m; sourceTree = "<group>"; };
/* End PBXFileReference section */

/* Begin PBXFrameworksBuildPhase section */
		BFC198A3193C5ECC00A9B736 /* Frameworks */ = {
			isa = PBXFrameworksBuildPhase;
			buildActionMask = 2147483647;
			files = (
				BFC198AA193C5ECC00A9B736 /* Foundation.framework in Frameworks */,
			);
			runOnlyForDeploymentPostprocessing = 0;
		};
		BFC198B3193C5ECC00A9B736 /* Frameworks */ = {
			isa = PBXFrameworksBuildPhase;
			buildActionMask = 2147483647;
			files = (
				BFC198B8193C5ECC00A9B736 /* XCTest.framework in Frameworks */,
				BFC198BE193C5ECC00A9B736 /* libPersistenceLayer.a in Frameworks */,
				BFC198BB193C5ECC00A9B736 /* UIKit.framework in Frameworks */,
				BFC198B9193C5ECC00A9B736 /* Foundation.framework in Frameworks */,
			);
			runOnlyForDeploymentPostprocessing = 0;
		};
/* End PBXFrameworksBuildPhase section */

/* Begin PBXGroup section */
		BFC1989D193C5ECC00A9B736 = {
			isa = PBXGroup;
			children = (
				BFC198AB193C5ECC00A9B736 /* PersistenceLayer */,
				BFC198BF193C5ECC00A9B736 /* PersistenceLayerTests */,
				BFC198A8193C5ECC00A9B736 /* Frameworks */,
				BFC198A7193C5ECC00A9B736 /* Products */,
			);
			sourceTree = "<group>";
		};
		BFC198A7193C5ECC00A9B736 /* Products */ = {
			isa = PBXGroup;
			children = (
				BFC198A6193C5ECC00A9B736 /* libPersistenceLayer.a */,
				BFC198B6193C5ECC00A9B736 /* PersistenceLayerTests.xctest */,
			);
			name = Products;
			sourceTree = "<group>";
		};
		BFC198A8193C5ECC00A9B736 /* Frameworks */ = {
			isa = PBXGroup;
			children = (
				BFC198A9193C5ECC00A9B736 /* Foundation.framework */,
				BFC198B7193C5ECC00A9B736 /* XCTest.framework */,
				BFC198BA193C5ECC00A9B736 /* UIKit.framework */,
			);
			name = Frameworks;
			sourceTree = "<group>";
		};
		BFC198AB193C5ECC00A9B736 /* PersistenceLayer */ = {
			isa = PBXGroup;
			children = (
				BFC198AE193C5ECC00A9B736 /* PersistenceLayer.h */,
				BFC198B0193C5ECC00A9B736 /* PersistenceLayer.m */,
				BFC198AC193C5ECC00A9B736 /* Supporting Files */,
			);
			path = PersistenceLayer;
			sourceTree = "<group>";
		};
		BFC198AC193C5ECC00A9B736 /* Supporting Files */ = {
			isa = PBXGroup;
			children = (
				BFC198AD193C5ECC00A9B736 /* PersistenceLayer-Prefix.pch */,
			);
			name = "Supporting Files";
			sourceTree = "<group>";
		};
		BFC198BF193C5ECC00A9B736 /* PersistenceLayerTests */ = {
			isa = PBXGroup;
			children = (
				BFC198C5193C5ECC00A9B736 /* PersistenceLayerTests.m */,
				BFC198C0193C5ECC00A9B736 /* Supporting Files */,
			);
			path = PersistenceLayerTests;
			sourceTree = "<group>";
		};
		BFC198C0193C5ECC00A9B736 /* Supporting Files */ = {
			isa = PBXGroup;
			children = (
				BFC198C1193C5ECC00A9B736 /* PersistenceLayerTests-Info.plist */,
				BFC198C2193C5ECC00A9B736 /* InfoPlist.strings */,
			);
			name = "Supporting Files";
			sourceTree = "<group>";
		};
/* End PBXGroup section */

/* Begin PBXNativeTarget section */
		BFC198A5193C5ECC00A9B736 /* PersistenceLayer */ = {
			isa = PBXNativeTarget;
			buildConfigurationList = BFC198C9193C5ECC00A9B736 /* Build configuration list for PBXNativeTarget "PersistenceLayer" */;
			buildPhases = (
				BFC198A2193C5ECC00A9B736 /* Sources */,
				BFC198A3193C5ECC00A9B736 /* Frameworks */,
				BFC198A4193C5ECC00A9B736 /* CopyFiles */,
			);
			buildRules = (
			);
			dependencies = (
			);
			name = PersistenceLayer;
			productName = PersistenceLayer;
			productReference = BFC198A6193C5ECC00A9B736 /* libPersistenceLayer.a */;
			productType = "com.apple.product-type.library.static";
		};
		BFC198B5193C5ECC00A9B736 /* PersistenceLayerTests */ = {
			isa = PBXNativeTarget;
			buildConfigurationList = BFC198CC193C5ECC00A9B736 /* Build configuration list for PBXNativeTarget "PersistenceLayerTests" */;
			buildPhases = (
				BFC198B2193C5ECC00A9B736 /* Sources */,
				BFC198B3193C5ECC00A9B736 /* Frameworks */,
				BFC198B4193C5ECC00A9B736 /* Resources */,
			);
			buildRules = (
			);
			dependencies = (
				BFC198BD193C5ECC00A9B736 /* PBXTargetDependency */,
			);
			name = PersistenceLayerTests;
			productName = PersistenceLayerTests;
			productReference = BFC198B6193C5ECC00A9B736 /* PersistenceLayerTests.xctest */;
			productType = "com.apple.product-type.bundle.unit-test";
		};
/* End PBXNativeTarget section */

/* Begin PBXProject section */
		BFC1989E193C5ECC00A9B736 /* Project object */ = {
			isa = PBXProject;
			attributes = {
				LastUpgradeCheck = 0510;
				ORGANIZATIONNAME = Topvision;
			};
			buildConfigurationList = BFC198A1193C5ECC00A9B736 /* Build configuration list for PBXProject "PersistenceLayer" */;
			compatibilityVersion = "Xcode 3.2";
			developmentRegion = English;
			hasScannedForEncodings = 0;
			knownRegions = (
				en,
			);
			mainGroup = BFC1989D193C5ECC00A9B736;
			productRefGroup = BFC198A7193C5ECC00A9B736 /* Products */;
			projectDirPath = "";
			projectRoot = "";
			targets = (
				BFC198A5193C5ECC00A9B736 /* PersistenceLayer */,
				BFC198B5193C5ECC00A9B736 /* PersistenceLayerTests */,
			);
		};
/* End PBXProject section */

/* Begin PBXResourcesBuildPhase section */
		BFC198B4193C5ECC00A9B736 /* Resources */ = {
			isa = PBXResourcesBuildPhase;
			buildActionMask = 2147483647;
			files = (
				BFC198C4193C5ECC00A9B736 /* InfoPlist.strings in Resources */,
			);
			runOnlyForDeploymentPostprocessing = 0;
		};
/* End PBXResourcesBuildPhase section */

/* Begin PBXSourcesBuildPhase section */
		BFC198A2193C5ECC00A9B736 /* Sources */ = {
			isa = PBXSourcesBuildPhase;
			buildActionMask = 2147483647;
			files = (
				BFC198B1193C5ECC00A9B736 /* PersistenceLayer.m in Sources */,
			);
			runOnlyForDeploymentPostprocessing = 0;
		};
		BFC198B2193C5ECC00A9B736 /* Sources */ = {
			isa = PBXSourcesBuildPhase;
			buildActionMask = 2147483647;
			files = (
				BFC198C6193C5ECC00A9B736 /* PersistenceLayerTests.m in Sources */,
			);
			runOnlyForDeploymentPostprocessing = 0;
		};
/* End PBXSourcesBuildPhase section */

/* Begin PBXTargetDependency section */
		BFC198BD193C5ECC00A9B736 /* PBXTargetDependency */ = {
			isa = PBXTargetDependency;
			target = BFC198A5193C5ECC00A9B736 /* PersistenceLayer */;
			targetProxy = BFC198BC193C5ECC00A9B736 /* PBXContainerItemProxy */;
		};
/* End PBXTargetDependency section */

/* Begin PBXVariantGroup section */
		BFC198C2193C5ECC00A9B736 /* InfoPlist.strings */ = {
			isa = PBXVariantGroup;
			children = (
				BFC198C3193C5ECC00A9B736 /* en */,
			);
			name = InfoPlist.strings;
			sourceTree = "<group>";
		};
/* End PBXVariantGroup section */

/* Begin XCBuildConfiguration section */
		BFC198C7193C5ECC00A9B736 /* Debug */ = {
			isa = XCBuildConfiguration;
			buildSettings = {
				ALWAYS_SEARCH_USER_PATHS = NO;
				CLANG_CXX_LANGUAGE_STANDARD = "gnu++0x";
				CLANG_CXX_LIBRARY = "libc++";
				CLANG_ENABLE_MODULES = YES;
				CLANG_ENABLE_OBJC_ARC = YES;
				CLANG_WARN_BOOL_CONVERSION = YES;
				CLANG_WARN_CONSTANT_CONVERSION = YES;
				CLANG_WARN_DIRECT_OBJC_ISA_USAGE = YES_ERROR;
				CLANG_WARN_EMPTY_BODY = YES;
				CLANG_WARN_ENUM_CONVERSION = YES;
				CLANG_WARN_INT_CONVERSION = YES;
				CLANG_WARN_OBJC_ROOT_CLASS = YES_ERROR;
				CLANG_WARN__DUPLICATE_METHOD_MATCH = YES;
				COPY_PHASE_STRIP = NO;
				GCC_C_LANGUAGE_STANDARD = gnu99;
				GCC_DYNAMIC_NO_PIC = NO;
				GCC_OPTIMIZATION_LEVEL = 0;
				GCC_PREPROCESSOR_DEFINITIONS = (
					"DEBUG=1",
					"$(inherited)",
				);
				GCC_SYMBOLS_PRIVATE_EXTERN = NO;
				GCC_WARN_64_TO_32_BIT_CONVERSION = YES;
				GCC_WARN_ABOUT_RETURN_TYPE = YES_ERROR;
				GCC_WARN_UNDECLARED_SELECTOR = YES;
				GCC_WARN_UNINITIALIZED_AUTOS = YES_AGGRESSIVE;
				GCC_WARN_UNUSED_FUNCTION = YES;
				GCC_WARN_UNUSED_VARIABLE = YES;
				IPHONEOS_DEPLOYMENT_TARGET = 7.1;
				ONLY_ACTIVE_ARCH = YES;
				SDKROOT = iphoneos;
			};
			name = Debug;
		};
		BFC198C8193C5ECC00A9B736 /* Release */ = {
			isa = XCBuildConfiguration;
			buildSettings = {
				ALWAYS_SEARCH_USER_PATHS = NO;
				CLANG_CXX_LANGUAGE_STANDARD = "gnu++0x";
				CLANG_CXX_LIBRARY = "libc++";
				CLANG_ENABLE_MODULES = YES;
				CLANG_ENABLE_OBJC_ARC = YES;
				CLANG_WARN_BOOL_CONVERSION = YES;
				CLANG_WARN_CONSTANT_CONVERSION = YES;
				CLANG_WARN_DIRECT_OBJC_ISA_USAGE = YES_ERROR;
				CLANG_WARN_EMPTY_BODY = YES;
				CLANG_WARN_ENUM_CONVERSION = YES;
				CLANG_WARN_INT_CONVERSION = YES;
				CLANG_WARN_OBJC_ROOT_CLASS = YES_ERROR;
				CLANG_WARN__DUPLICATE_METHOD_MATCH = YES;
				COPY_PHASE_STRIP = YES;
				ENABLE_NS_ASSERTIONS = NO;
				GCC_C_LANGUAGE_STANDARD = gnu99;
				GCC_WARN_64_TO_32_BIT_CONVERSION = YES;
				GCC_WARN_ABOUT_RETURN_TYPE = YES_ERROR;
				GCC_WARN_UNDECLARED_SELECTOR = YES;
				GCC_WARN_UNINITIALIZED_AUTOS = YES_AGGRESSIVE;
				GCC_WARN_UNUSED_FUNCTION = YES;
				GCC_WARN_UNUSED_VARIABLE = YES;
				IPHONEOS_DEPLOYMENT_TARGET = 7.1;
				SDKROOT = iphoneos;
				VALIDATE_PRODUCT = YES;
			};
			name = Release;
		};
		BFC198CA193C5ECC00A9B736 /* Debug */ = {
			isa = XCBuildConfiguration;
			buildSettings = {
				DSTROOT = /tmp/PersistenceLayer.dst;
				GCC_PRECOMPILE_PREFIX_HEADER = YES;
				GCC_PREFIX_HEADER = "PersistenceLayer/PersistenceLayer-Prefix.pch";
				OTHER_LDFLAGS = "-ObjC";
				PRODUCT_NAME = "$(TARGET_NAME)";
				SKIP_INSTALL = YES;
			};
			name = Debug;
		};
		BFC198CB193C5ECC00A9B736 /* Release */ = {
			isa = XCBuildConfiguration;
			buildSettings = {
				DSTROOT = /tmp/PersistenceLayer.dst;
				GCC_PRECOMPILE_PREFIX_HEADER = YES;
				GCC_PREFIX_HEADER = "PersistenceLayer/PersistenceLayer-Prefix.pch";
				OTHER_LDFLAGS = "-ObjC";
				PRODUCT_NAME = "$(TARGET_NAME)";
				SKIP_INSTALL = YES;
			};
			name = Release;
		};
		BFC198CD193C5ECC00A9B736 /* Debug */ = {
			isa = XCBuildConfiguration;
			buildSettings = {
				FRAMEWORK_SEARCH_PATHS = (
					"$(SDKROOT)/Developer/Library/Frameworks",
					"$(inherited)",
					"$(DEVELOPER_FRAMEWORKS_DIR)",
				);
				GCC_PRECOMPILE_PREFIX_HEADER = YES;
				GCC_PREFIX_HEADER = "PersistenceLayer/PersistenceLayer-Prefix.pch";
				GCC_PREPROCESSOR_DEFINITIONS = (
					"DEBUG=1",
					"$(inherited)",
				);
				INFOPLIST_FILE = "PersistenceLayerTests/PersistenceLayerTests-Info.plist";
				PRODUCT_NAME = "$(TARGET_NAME)";
				WRAPPER_EXTENSION = xctest;
			};
			name = Debug;
		};
		BFC198CE193C5ECC00A9B736 /* Release */ = {
			isa = XCBuildConfiguration;
			buildSettings = {
				FRAMEWORK_SEARCH_PATHS = (
					"$(SDKROOT)/Developer/Library/Frameworks",
					"$(inherited)",
					"$(DEVELOPER_FRAMEWORKS_DIR)",
				);
				GCC_PRECOMPILE_PREFIX_HEADER = YES;
				GCC_PREFIX_HEADER = "PersistenceLayer/PersistenceLayer-Prefix.pch";
				INFOPLIST_FILE = "PersistenceLayerTests/PersistenceLayerTests-Info.plist";
				PRODUCT_NAME = "$(TARGET_NAME)";
				WRAPPER_EXTENSION = xctest;
			};
			name = Release;
		};
/* End XCBuildConfiguration section */

/* Begin XCConfigurationList section */
		BFC198A1193C5ECC00A9B736 /* Build configuration list for PBXProject "PersistenceLayer" */ = {
			isa = XCConfigurationList;
			buildConfigurations = (
				BFC198C7193C5ECC00A9B736 /* Debug */,
				BFC198C8193C5ECC00A9B736 /* Release */,
			);
			defaultConfigurationIsVisible = 0;
			defaultConfigurationName = Release;
		};
		BFC198C9193C5ECC00A9B736 /* Build configuration list for PBXNativeTarget "PersistenceLayer" */ = {
			isa = XCConfigurationList;
			buildConfigurations = (
				BFC198CA193C5ECC00A9B736 /* Debug */,
				BFC198CB193C5ECC00A9B736 /* Release */,
			);
			defaultConfigurationIsVisible = 0;
		};
		BFC198CC193C5ECC00A9B736 /* Build configuration list for PBXNativeTarget "PersistenceLayerTests" */ = {
			isa = XCConfigurationList;
			buildConfigurations = (
				BFC198CD193C5ECC00A9B736 /* Debug */,
				BFC198CE193C5ECC00A9B736 /* Release */,
			);
			defaultConfigurationIsVisible = 0;
		};
/* End XCConfigurationList section */
	};
	rootObject = BFC1989E193C5ECC00A9B736 /* Project object */;
}
